// !$*UTF8*$!
{
	archiveVersion = 1;
	classes = {
	};
	objectVersion = 46;
	objects = {

/* Begin PBXBuildFile section */
		011BE18E1BA861200057BD6A /* AppDelegate.swift in Sources */ = {isa = PBXBuildFile; fileRef = 011BE18D1BA861200057BD6A /* AppDelegate.swift */; };
		011BE1951BA861200057BD6A /* Main.storyboard in Resources */ = {isa = PBXBuildFile; fileRef = 011BE1931BA861200057BD6A /* Main.storyboard */; };
		011BE1971BA861200057BD6A /* Assets.xcassets in Resources */ = {isa = PBXBuildFile; fileRef = 011BE1961BA861200057BD6A /* Assets.xcassets */; };
		011BE19A1BA861200057BD6A /* LaunchScreen.storyboard in Resources */ = {isa = PBXBuildFile; fileRef = 011BE1981BA861200057BD6A /* LaunchScreen.storyboard */; };
		011BE1A51BA861200057BD6A /* UITestingDemoTests.swift in Sources */ = {isa = PBXBuildFile; fileRef = 011BE1A41BA861200057BD6A /* UITestingDemoTests.swift */; };
		011BE1B01BA861200057BD6A /* UITestingDemoUITests.swift in Sources */ = {isa = PBXBuildFile; fileRef = 011BE1AF1BA861200057BD6A /* UITestingDemoUITests.swift */; };
		01BD64001BA870D900D32B87 /* DetailViewController.swift in Sources */ = {isa = PBXBuildFile; fileRef = 01BD63FD1BA870D900D32B87 /* DetailViewController.swift */; settings = {ASSET_TAGS = (); }; };
		01BD64011BA870D900D32B87 /* MasterViewController.swift in Sources */ = {isa = PBXBuildFile; fileRef = 01BD63FE1BA870D900D32B87 /* MasterViewController.swift */; settings = {ASSET_TAGS = (); }; };
		01BD64021BA870D900D32B87 /* QueryTestViewController.swift in Sources */ = {isa = PBXBuildFile; fileRef = 01BD63FF1BA870D900D32B87 /* QueryTestViewController.swift */; settings = {ASSET_TAGS = (); }; };
/* End PBXBuildFile section */

/* Begin PBXContainerItemProxy section */
		011BE1A11BA861200057BD6A /* PBXContainerItemProxy */ = {
			isa = PBXContainerItemProxy;
			containerPortal = 011BE1821BA861200057BD6A /* Project object */;
			proxyType = 1;
			remoteGlobalIDString = 011BE1891BA861200057BD6A;
			remoteInfo = UITestingDemo;
		};
		011BE1AC1BA861200057BD6A /* PBXContainerItemProxy */ = {
			isa = PBXContainerItemProxy;
			containerPortal = 011BE1821BA861200057BD6A /* Project object */;
			proxyType = 1;
			remoteGlobalIDString = 011BE1891BA861200057BD6A;
			remoteInfo = UITestingDemo;
		};
/* End PBXContainerItemProxy section */

/* Begin PBXFileReference section */
		011BE18A1BA861200057BD6A /* UITestingDemo.app */ = {isa = PBXFileReference; explicitFileType = wrapper.application; includeInIndex = 0; path = UITestingDemo.app; sourceTree = BUILT_PRODUCTS_DIR; };
		011BE18D1BA861200057BD6A /* AppDelegate.swift */ = {isa = PBXFileReference; lastKnownFileType = sourcecode.swift; path = AppDelegate.swift; sourceTree = "<group>"; };
		011BE1941BA861200057BD6A /* Base */ = {isa = PBXFileReference; lastKnownFileType = file.storyboard; name = Base; path = Base.lproj/Main.storyboard; sourceTree = "<group>"; };
		011BE1961BA861200057BD6A /* Assets.xcassets */ = {isa = PBXFileReference; lastKnownFileType = folder.assetcatalog; path = Assets.xcassets; sourceTree = "<group>"; };
		011BE1991BA861200057BD6A /* Base */ = {isa = PBXFileReference; lastKnownFileType = file.storyboard; name = Base; path = Base.lproj/LaunchScreen.storyboard; sourceTree = "<group>"; };
		011BE19B1BA861200057BD6A /* Info.plist */ = {isa = PBXFileReference; lastKnownFileType = text.plist.xml; path = Info.plist; sourceTree = "<group>"; };
		011BE1A01BA861200057BD6A /* UITestingDemoTests.xctest */ = {isa = PBXFileReference; explicitFileType = wrapper.cfbundle; includeInIndex = 0; path = UITestingDemoTests.xctest; sourceTree = BUILT_PRODUCTS_DIR; };
		011BE1A41BA861200057BD6A /* UITestingDemoTests.swift */ = {isa = PBXFileReference; lastKnownFileType = sourcecode.swift; path = UITestingDemoTests.swift; sourceTree = "<group>"; };
		011BE1A61BA861200057BD6A /* Info.plist */ = {isa = PBXFileReference; lastKnownFileType = text.plist.xml; path = Info.plist; sourceTree = "<group>"; };
		011BE1AB1BA861200057BD6A /* UITestingDemoUITests.xctest */ = {isa = PBXFileReference; explicitFileType = wrapper.cfbundle; includeInIndex = 0; path = UITestingDemoUITests.xctest; sourceTree = BUILT_PRODUCTS_DIR; };
		011BE1AF1BA861200057BD6A /* UITestingDemoUITests.swift */ = {isa = PBXFileReference; lastKnownFileType = sourcecode.swift; path = UITestingDemoUITests.swift; sourceTree = "<group>"; };
		011BE1B11BA861200057BD6A /* Info.plist */ = {isa = PBXFileReference; lastKnownFileType = text.plist.xml; path = Info.plist; sourceTree = "<group>"; };
		01BD63FD1BA870D900D32B87 /* DetailViewController.swift */ = {isa = PBXFileReference; fileEncoding = 4; lastKnownFileType = sourcecode.swift; path = DetailViewController.swift; sourceTree = "<group>"; };
		01BD63FE1BA870D900D32B87 /* MasterViewController.swift */ = {isa = PBXFileReference; fileEncoding = 4; lastKnownFileType = sourcecode.swift; path = MasterViewController.swift; sourceTree = "<group>"; };
		01BD63FF1BA870D900D32B87 /* QueryTestViewController.swift */ = {isa = PBXFileReference; fileEncoding = 4; lastKnownFileType = sourcecode.swift; path = QueryTestViewController.swift; sourceTree = "<group>"; };
/* End PBXFileReference section */

/* Begin PBXFrameworksBuildPhase section */
		011BE1871BA861200057BD6A /* Frameworks */ = {
			isa = PBXFrameworksBuildPhase;
			buildActionMask = 2147483647;
			files = (
			);
			runOnlyForDeploymentPostprocessing = 0;
		};
		011BE19D1BA861200057BD6A /* Frameworks */ = {
			isa = PBXFrameworksBuildPhase;
			buildActionMask = 2147483647;
			files = (
			);
			runOnlyForDeploymentPostprocessing = 0;
		};
		011BE1A81BA861200057BD6A /* Frameworks */ = {
			isa = PBXFrameworksBuildPhase;
			buildActionMask = 2147483647;
			files = (
			);
			runOnlyForDeploymentPostprocessing = 0;
		};
/* End PBXFrameworksBuildPhase section */

/* Begin PBXGroup section */
		011BE1811BA861200057BD6A = {
			isa = PBXGroup;
			children = (
				011BE18C1BA861200057BD6A /* UITestingDemo */,
				011BE1A31BA861200057BD6A /* UITestingDemoTests */,
				011BE1AE1BA861200057BD6A /* UITestingDemoUITests */,
				011BE18B1BA861200057BD6A /* Products */,
			);
			sourceTree = "<group>";
		};
		011BE18B1BA861200057BD6A /* Products */ = {
			isa = PBXGroup;
			children = (
				011BE18A1BA861200057BD6A /* UITestingDemo.app */,
				011BE1A01BA861200057BD6A /* UITestingDemoTests.xctest */,
				011BE1AB1BA861200057BD6A /* UITestingDemoUITests.xctest */,
			);
			name = Products;
			sourceTree = "<group>";
		};
		011BE18C1BA861200057BD6A /* UITestingDemo */ = {
			isa = PBXGroup;
			children = (
				01BD63FC1BA870D900D32B87 /* ViewControllers */,
				011BE18D1BA861200057BD6A /* AppDelegate.swift */,
				011BE1931BA861200057BD6A /* Main.storyboard */,
				011BE1981BA861200057BD6A /* LaunchScreen.storyboard */,
				011BE1961BA861200057BD6A /* Assets.xcassets */,
				011BE19B1BA861200057BD6A /* Info.plist */,
			);
			path = UITestingDemo;
			sourceTree = "<group>";
		};
		011BE1A31BA861200057BD6A /* UITestingDemoTests */ = {
			isa = PBXGroup;
			children = (
				011BE1A41BA861200057BD6A /* UITestingDemoTests.swift */,
				011BE1A61BA861200057BD6A /* Info.plist */,
			);
			path = UITestingDemoTests;
			sourceTree = "<group>";
		};
		011BE1AE1BA861200057BD6A /* UITestingDemoUITests */ = {
			isa = PBXGroup;
			children = (
				011BE1AF1BA861200057BD6A /* UITestingDemoUITests.swift */,
				011BE1B11BA861200057BD6A /* Info.plist */,
			);
			path = UITestingDemoUITests;
			sourceTree = "<group>";
		};
		01BD63FC1BA870D900D32B87 /* ViewControllers */ = {
			isa = PBXGroup;
			children = (
				01BD63FD1BA870D900D32B87 /* DetailViewController.swift */,
				01BD63FE1BA870D900D32B87 /* MasterViewController.swift */,
				01BD63FF1BA870D900D32B87 /* QueryTestViewController.swift */,
			);
			path = ViewControllers;
			sourceTree = "<group>";
		};
/* End PBXGroup section */

/* Begin PBXNativeTarget section */
		011BE1891BA861200057BD6A /* UITestingDemo */ = {
			isa = PBXNativeTarget;
			buildConfigurationList = 011BE1B41BA861200057BD6A /* Build configuration list for PBXNativeTarget "UITestingDemo" */;
			buildPhases = (
				011BE1861BA861200057BD6A /* Sources */,
				011BE1871BA861200057BD6A /* Frameworks */,
				011BE1881BA861200057BD6A /* Resources */,
			);
			buildRules = (
			);
			dependencies = (
			);
			name = UITestingDemo;
			productName = UITestingDemo;
			productReference = 011BE18A1BA861200057BD6A /* UITestingDemo.app */;
			productType = "com.apple.product-type.application";
		};
		011BE19F1BA861200057BD6A /* UITestingDemoTests */ = {
			isa = PBXNativeTarget;
			buildConfigurationList = 011BE1B71BA861200057BD6A /* Build configuration list for PBXNativeTarget "UITestingDemoTests" */;
			buildPhases = (
				011BE19C1BA861200057BD6A /* Sources */,
				011BE19D1BA861200057BD6A /* Frameworks */,
				011BE19E1BA861200057BD6A /* Resources */,
			);
			buildRules = (
			);
			dependencies = (
				011BE1A21BA861200057BD6A /* PBXTargetDependency */,
			);
			name = UITestingDemoTests;
			productName = UITestingDemoTests;
			productReference = 011BE1A01BA861200057BD6A /* UITestingDemoTests.xctest */;
			productType = "com.apple.product-type.bundle.unit-test";
		};
		011BE1AA1BA861200057BD6A /* UITestingDemoUITests */ = {
			isa = PBXNativeTarget;
			buildConfigurationList = 011BE1BA1BA861200057BD6A /* Build configuration list for PBXNativeTarget "UITestingDemoUITests" */;
			buildPhases = (
				011BE1A71BA861200057BD6A /* Sources */,
				011BE1A81BA861200057BD6A /* Frameworks */,
				011BE1A91BA861200057BD6A /* Resources */,
			);
			buildRules = (
			);
			dependencies = (
				011BE1AD1BA861200057BD6A /* PBXTargetDependency */,
			);
			name = UITestingDemoUITests;
			productName = UITestingDemoUITests;
			productReference = 011BE1AB1BA861200057BD6A /* UITestingDemoUITests.xctest */;
			productType = "com.apple.product-type.bundle.ui-testing";
		};
/* End PBXNativeTarget section */

/* Begin PBXProject section */
		011BE1821BA861200057BD6A /* Project object */ = {
			isa = PBXProject;
			attributes = {
				LastUpgradeCheck = 0700;
				ORGANIZATIONNAME = "Nick McConnell";
				TargetAttributes = {
					011BE1891BA861200057BD6A = {
						CreatedOnToolsVersion = 7.0;
						DevelopmentTeam = 2GVJ6JS822;
					};
					011BE19F1BA861200057BD6A = {
						CreatedOnToolsVersion = 7.0;
						TestTargetID = 011BE1891BA861200057BD6A;
					};
					011BE1AA1BA861200057BD6A = {
						CreatedOnToolsVersion = 7.0;
						TestTargetID = 011BE1891BA861200057BD6A;
					};
				};
			};
			buildConfigurationList = 011BE1851BA861200057BD6A /* Build configuration list for PBXProject "UITestingDemo" */;
			compatibilityVersion = "Xcode 3.2";
			developmentRegion = English;
			hasScannedForEncodings = 0;
			knownRegions = (
				en,
				Base,
			);
			mainGroup = 011BE1811BA861200057BD6A;
			productRefGroup = 011BE18B1BA861200057BD6A /* Products */;
			projectDirPath = "";
			projectRoot = "";
			targets = (
				011BE1891BA861200057BD6A /* UITestingDemo */,
				011BE19F1BA861200057BD6A /* UITestingDemoTests */,
				011BE1AA1BA861200057BD6A /* UITestingDemoUITests */,
			);
		};
/* End PBXProject section */

/* Begin PBXResourcesBuildPhase section */
		011BE1881BA861200057BD6A /* Resources */ = {
			isa = PBXResourcesBuildPhase;
			buildActionMask = 2147483647;
			files = (
				011BE19A1BA861200057BD6A /* LaunchScreen.storyboard in Resources */,
				011BE1971BA861200057BD6A /* Assets.xcassets in Resources */,
				011BE1951BA861200057BD6A /* Main.storyboard in Resources */,
			);
			runOnlyForDeploymentPostprocessing = 0;
		};
		011BE19E1BA861200057BD6A /* Resources */ = {
			isa = PBXResourcesBuildPhase;
			buildActionMask = 2147483647;
			files = (
			);
			runOnlyForDeploymentPostprocessing = 0;
		};
		011BE1A91BA861200057BD6A /* Resources */ = {
			isa = PBXResourcesBuildPhase;
			buildActionMask = 2147483647;
			files = (
			);
			runOnlyForDeploymentPostprocessing = 0;
		};
/* End PBXResourcesBuildPhase section */

/* Begin PBXSourcesBuildPhase section */
		011BE1861BA861200057BD6A /* Sources */ = {
			isa = PBXSourcesBuildPhase;
			buildActionMask = 2147483647;
			files = (
				011BE18E1BA861200057BD6A /* AppDelegate.swift in Sources */,
				01BD64021BA870D900D32B87 /* QueryTestViewController.swift in Sources */,
				01BD64001BA870D900D32B87 /* DetailViewController.swift in Sources */,
				01BD64011BA870D900D32B87 /* MasterViewController.swift in Sources */,
			);
			runOnlyForDeploymentPostprocessing = 0;
		};
		011BE19C1BA861200057BD6A /* Sources */ = {
			isa = PBXSourcesBuildPhase;
			buildActionMask = 2147483647;
			files = (
				011BE1A51BA861200057BD6A /* UITestingDemoTests.swift in Sources */,
			);
			runOnlyForDeploymentPostprocessing = 0;
		};
		011BE1A71BA861200057BD6A /* Sources */ = {
			isa = PBXSourcesBuildPhase;
			buildActionMask = 2147483647;
			files = (
				011BE1B01BA861200057BD6A /* UITestingDemoUITests.swift in Sources */,
			);
			runOnlyForDeploymentPostprocessing = 0;
		};
/* End PBXSourcesBuildPhase section */

/* Begin PBXTargetDependency section */
		011BE1A21BA861200057BD6A /* PBXTargetDependency */ = {
			isa = PBXTargetDependency;
			target = 011BE1891BA861200057BD6A /* UITestingDemo */;
			targetProxy = 011BE1A11BA861200057BD6A /* PBXContainerItemProxy */;
		};
		011BE1AD1BA861200057BD6A /* PBXTargetDependency */ = {
			isa = PBXTargetDependency;
			target = 011BE1891BA861200057BD6A /* UITestingDemo */;
			targetProxy = 011BE1AC1BA861200057BD6A /* PBXContainerItemProxy */;
		};
/* End PBXTargetDependency section */

/* Begin PBXVariantGroup section */
		011BE1931BA861200057BD6A /* Main.storyboard */ = {
			isa = PBXVariantGroup;
			children = (
				011BE1941BA861200057BD6A /* Base */,
			);
			name = Main.storyboard;
			sourceTree = "<group>";
		};
		011BE1981BA861200057BD6A /* LaunchScreen.storyboard */ = {
			isa = PBXVariantGroup;
			children = (
				011BE1991BA861200057BD6A /* Base */,
			);
			name = LaunchScreen.storyboard;
			sourceTree = "<group>";
		};
/* End PBXVariantGroup section */

/* Begin XCBuildConfiguration section */
		011BE1B21BA861200057BD6A /* Debug */ = {
			isa = XCBuildConfiguration;
			buildSettings = {
				ALWAYS_SEARCH_USER_PATHS = NO;
				CLANG_CXX_LANGUAGE_STANDARD = "gnu++0x";
				CLANG_CXX_LIBRARY = "libc++";
				CLANG_ENABLE_MODULES = YES;
				CLANG_ENABLE_OBJC_ARC = YES;
				CLANG_WARN_BOOL_CONVERSION = YES;
				CLANG_WARN_CONSTANT_CONVERSION = YES;
				CLANG_WARN_DIRECT_OBJC_ISA_USAGE = YES_ERROR;
				CLANG_WARN_EMPTY_BODY = YES;
				CLANG_WARN_ENUM_CONVERSION = YES;
				CLANG_WARN_INT_CONVERSION = YES;
				CLANG_WARN_OBJC_ROOT_CLASS = YES_ERROR;
				CLANG_WARN_UNREACHABLE_CODE = YES;
				CLANG_WARN__DUPLICATE_METHOD_MATCH = YES;
				"CODE_SIGN_IDENTITY[sdk=iphoneos*]" = "iPhone Developer";
				COPY_PHASE_STRIP = NO;
				DEBUG_INFORMATION_FORMAT = dwarf;
				ENABLE_STRICT_OBJC_MSGSEND = YES;
				ENABLE_TESTABILITY = YES;
				GCC_C_LANGUAGE_STANDARD = gnu99;
				GCC_DYNAMIC_NO_PIC = NO;
				GCC_NO_COMMON_BLOCKS = YES;
				GCC_OPTIMIZATION_LEVEL = 0;
				GCC_PREPROCESSOR_DEFINITIONS = (
					"DEBUG=1",
					"$(inherited)",
				);
				GCC_WARN_64_TO_32_BIT_CONVERSION = YES;
				GCC_WARN_ABOUT_RETURN_TYPE = YES_ERROR;
				GCC_WARN_UNDECLARED_SELECTOR = YES;
				GCC_WARN_UNINITIALIZED_AUTOS = YES_AGGRESSIVE;
				GCC_WARN_UNUSED_FUNCTION = YES;
				GCC_WARN_UNUSED_VARIABLE = YES;
				IPHONEOS_DEPLOYMENT_TARGET = 9.0;
				MTL_ENABLE_DEBUG_INFO = YES;
				ONLY_ACTIVE_ARCH = YES;
				SDKROOT = iphoneos;
				SWIFT_OPTIMIZATION_LEVEL = "-Onone";
				TARGETED_DEVICE_FAMILY = "1,2";
			};
			name = Debug;
		};
		011BE1B31BA861200057BD6A /* Release */ = {
			isa = XCBuildConfiguration;
			buildSettings = {
				ALWAYS_SEARCH_USER_PATHS = NO;
				CLANG_CXX_LANGUAGE_STANDARD = "gnu++0x";
				CLANG_CXX_LIBRARY = "libc++";
				CLANG_ENABLE_MODULES = YES;
				CLANG_ENABLE_OBJC_ARC = YES;
				CLANG_WARN_BOOL_CONVERSION = YES;
				CLANG_WARN_CONSTANT_CONVERSION = YES;
				CLANG_WARN_DIRECT_OBJC_ISA_USAGE = YES_ERROR;
				CLANG_WARN_EMPTY_BODY = YES;
				CLANG_WARN_ENUM_CONVERSION = YES;
				CLANG_WARN_INT_CONVERSION = YES;
				CLANG_WARN_OBJC_ROOT_CLASS = YES_ERROR;
				CLANG_WARN_UNREACHABLE_CODE = YES;
				CLANG_WARN__DUPLICATE_METHOD_MATCH = YES;
				"CODE_SIGN_IDENTITY[sdk=iphoneos*]" = "iPhone Developer";
				COPY_PHASE_STRIP = NO;
				DEBUG_INFORMATION_FORMAT = "dwarf-with-dsym";
				ENABLE_NS_ASSERTIONS = NO;
				ENABLE_STRICT_OBJC_MSGSEND = YES;
				GCC_C_LANGUAGE_STANDARD = gnu99;
				GCC_NO_COMMON_BLOCKS = YES;
				GCC_WARN_64_TO_32_BIT_CONVERSION = YES;
				GCC_WARN_ABOUT_RETURN_TYPE = YES_ERROR;
				GCC_WARN_UNDECLARED_SELECTOR = YES;
				GCC_WARN_UNINITIALIZED_AUTOS = YES_AGGRESSIVE;
				GCC_WARN_UNUSED_FUNCTION = YES;
				GCC_WARN_UNUSED_VARIABLE = YES;
				IPHONEOS_DEPLOYMENT_TARGET = 9.0;
				MTL_ENABLE_DEBUG_INFO = NO;
				SDKROOT = iphoneos;
				TARGETED_DEVICE_FAMILY = "1,2";
				VALIDATE_PRODUCT = YES;
			};
			name = Release;
		};
		011BE1B51BA861200057BD6A /* Debug */ = {
			isa = XCBuildConfiguration;
			buildSettings = {
				ASSETCATALOG_COMPILER_APPICON_NAME = AppIcon;
				CLANG_STATIC_ANALYZER_MODE = deep;
				CODE_SIGN_IDENTITY = "iPhone Developer";
				INFOPLIST_FILE = UITestingDemo/Info.plist;
				LD_RUNPATH_SEARCH_PATHS = "$(inherited) @executable_path/Frameworks";
				PRODUCT_BUNDLE_IDENTIFIER = NM.UITestingDemo;
				PRODUCT_NAME = "$(TARGET_NAME)";
				PROVISIONING_PROFILE = "56127440-dd7c-4551-a0ef-45bc509aa163";
				RUN_CLANG_STATIC_ANALYZER = YES;
			};
			name = Debug;
		};
		011BE1B61BA861200057BD6A /* Release */ = {
			isa = XCBuildConfiguration;
			buildSettings = {
				ASSETCATALOG_COMPILER_APPICON_NAME = AppIcon;
				CLANG_STATIC_ANALYZER_MODE = deep;
				CODE_SIGN_IDENTITY = "iPhone Developer";
				"CODE_SIGN_IDENTITY[sdk=iphoneos*]" = "iPhone Distribution: Fueled Digital Media, LLC";
				INFOPLIST_FILE = UITestingDemo/Info.plist;
				LD_RUNPATH_SEARCH_PATHS = "$(inherited) @executable_path/Frameworks";
				PRODUCT_BUNDLE_IDENTIFIER = NM.UITestingDemo;
				PRODUCT_NAME = "$(TARGET_NAME)";
				PROVISIONING_PROFILE = "56127440-dd7c-4551-a0ef-45bc509aa163";
				RUN_CLANG_STATIC_ANALYZER = YES;
			};
			name = Release;
		};
		011BE1B81BA861200057BD6A /* Debug */ = {
			isa = XCBuildConfiguration;
			buildSettings = {
				BUNDLE_LOADER = "$(TEST_HOST)";
				INFOPLIST_FILE = UITestingDemoTests/Info.plist;
				LD_RUNPATH_SEARCH_PATHS = "$(inherited) @executable_path/Frameworks @loader_path/Frameworks";
				PRODUCT_BUNDLE_IDENTIFIER = NM.UITestingDemoTests;
				PRODUCT_NAME = "$(TARGET_NAME)";
				TEST_HOST = "$(BUILT_PRODUCTS_DIR)/UITestingDemo.app/UITestingDemo";
			};
			name = Debug;
		};
		011BE1B91BA861200057BD6A /* Release */ = {
			isa = XCBuildConfiguration;
			buildSettings = {
				BUNDLE_LOADER = "$(TEST_HOST)";
				INFOPLIST_FILE = UITestingDemoTests/Info.plist;
				LD_RUNPATH_SEARCH_PATHS = "$(inherited) @executable_path/Frameworks @loader_path/Frameworks";
				PRODUCT_BUNDLE_IDENTIFIER = NM.UITestingDemoTests;
				PRODUCT_NAME = "$(TARGET_NAME)";
				TEST_HOST = "$(BUILT_PRODUCTS_DIR)/UITestingDemo.app/UITestingDemo";
			};
			name = Release;
		};
		011BE1BB1BA861200057BD6A /* Debug */ = {
			isa = XCBuildConfiguration;
			buildSettings = {
				INFOPLIST_FILE = UITestingDemoUITests/Info.plist;
				LD_RUNPATH_SEARCH_PATHS = "$(inherited) @executable_path/Frameworks @loader_path/Frameworks";
				PRODUCT_BUNDLE_IDENTIFIER = NM.UITestingDemoUITests;
				PRODUCT_NAME = "$(TARGET_NAME)";
				TEST_TARGET_NAME = UITestingDemo;
				USES_XCTRUNNER = YES;
			};
			name = Debug;
		};
		011BE1BC1BA861200057BD6A /* Release */ = {
			isa = XCBuildConfiguration;
			buildSettings = {
				INFOPLIST_FILE = UITestingDemoUITests/Info.plist;
				LD_RUNPATH_SEARCH_PATHS = "$(inherited) @executable_path/Frameworks @loader_path/Frameworks";
				PRODUCT_BUNDLE_IDENTIFIER = NM.UITestingDemoUITests;
				PRODUCT_NAME = "$(TARGET_NAME)";
				TEST_TARGET_NAME = UITestingDemo;
				USES_XCTRUNNER = YES;
			};
			name = Release;
		};
/* End XCBuildConfiguration section */

/* Begin XCConfigurationList section */
		011BE1851BA861200057BD6A /* Build configuration list for PBXProject "UITestingDemo" */ = {
			isa = XCConfigurationList;
			buildConfigurations = (
				011BE1B21BA861200057BD6A /* Debug */,
				011BE1B31BA861200057BD6A /* Release */,
			);
			defaultConfigurationIsVisible = 0;
			defaultConfigurationName = Release;
		};
		011BE1B41BA861200057BD6A /* Build configuration list for PBXNativeTarget "UITestingDemo" */ = {
			isa = XCConfigurationList;
			buildConfigurations = (
				011BE1B51BA861200057BD6A /* Debug */,
				011BE1B61BA861200057BD6A /* Release */,
			);
			defaultConfigurationIsVisible = 0;
			defaultConfigurationName = Release;
		};
		011BE1B71BA861200057BD6A /* Build configuration list for PBXNativeTarget "UITestingDemoTests" */ = {
			isa = XCConfigurationList;
			buildConfigurations = (
				011BE1B81BA861200057BD6A /* Debug */,
				011BE1B91BA861200057BD6A /* Release */,
			);
			defaultConfigurationIsVisible = 0;
			defaultConfigurationName = Release;
		};
		011BE1BA1BA861200057BD6A /* Build configuration list for PBXNativeTarget "UITestingDemoUITests" */ = {
			isa = XCConfigurationList;
			buildConfigurations = (
				011BE1BB1BA861200057BD6A /* Debug */,
				011BE1BC1BA861200057BD6A /* Release */,
			);
			defaultConfigurationIsVisible = 0;
			defaultConfigurationName = Release;
		};
/* End XCConfigurationList section */
	};
	rootObject = 011BE1821BA861200057BD6A /* Project object */;
}
